# This file is autogenerated, do not edit; changes may be undone by the next 'dep ensure'.


[[projects]]
  digest = "1:f666d42ffd16aa073136546e5b71e50def153cdd7b4e8e7a02caa08da0144d95"
  name = "github.com/zserge/lorca"
  packages = ["."]
  pruneopts = "UT"
  revision = "e233144030cb14734652034189a105bb254504e3"
  version = "v0.1.3"

[[projects]]
  branch = "master"
  digest = "1:7427036b6d926b3d1fa0773771820735b35554a98296f1074df440ee30a97296"
  name = "golang.org/x/net"
  packages = ["websocket"]
  pruneopts = "UT"
  revision = "fae4c4e3ad76c295c3d6d259f898136b4bf833a8"

[solve-meta]
  analyzer-name = "dep"
  analyzer-version = 1
  input-imports = ["github.com/zserge/lorca"]
  solver-name = "gps-cdcl"
  solver-version = 1
